// !$*UTF8*$!
{
	archiveVersion = 1;
	classes = {
	};
	objectVersion = 77;
	objects = {

/* Begin PBXContainerItemProxy section */
		748497762E13BFBE00F7A15E /* PBXContainerItemProxy */ = {
			isa = PBXContainerItemProxy;
			containerPortal = 748497602E13BFBE00F7A15E /* Project object */;
			proxyType = 1;
			remoteGlobalIDString = 748497672E13BFBE00F7A15E;
			remoteInfo = SecureCamera;
		};
		748497802E13BFBE00F7A15E /* PBXContainerItemProxy */ = {
			isa = PBXContainerItemProxy;
			containerPortal = 748497602E13BFBE00F7A15E /* Project object */;
			proxyType = 1;
			remoteGlobalIDString = 748497672E13BFBE00F7A15E;
			remoteInfo = SecureCamera;
		};
/* End PBXContainerItemProxy section */

/* Begin PBXFileReference section */
		748497682E13BFBE00F7A15E /* Right To Record.app */ = {isa = PBXFileReference; explicitFileType = wrapper.application; includeInIndex = 0; path = "Right To Record.app"; sourceTree = BUILT_PRODUCTS_DIR; };
		748497752E13BFBE00F7A15E /* SecureCameraTests.xctest */ = {isa = PBXFileReference; explicitFileType = wrapper.cfbundle; includeInIndex = 0; path = SecureCameraTests.xctest; sourceTree = BUILT_PRODUCTS_DIR; };
		7484977F2E13BFBE00F7A15E /* SecureCameraUITests.xctest */ = {isa = PBXFileReference; explicitFileType = wrapper.cfbundle; includeInIndex = 0; path = SecureCameraUITests.xctest; sourceTree = BUILT_PRODUCTS_DIR; };
/* End PBXFileReference section */

/* Begin PBXFileSystemSynchronizedBuildFileExceptionSet section */
		748497932E198DBA00F7A15E /* Exceptions for "SecureCamera" folder in "Right To Record" target */ = {
			isa = PBXFileSystemSynchronizedBuildFileExceptionSet;
			membershipExceptions = (
				Info.plist,
			);
			target = 748497672E13BFBE00F7A15E /* Right To Record */;
		};
/* End PBXFileSystemSynchronizedBuildFileExceptionSet section */

/* Begin PBXFileSystemSynchronizedRootGroup section */
		7484976A2E13BFBE00F7A15E /* SecureCamera */ = {
			isa = PBXFileSystemSynchronizedRootGroup;
			exceptions = (
				748497932E198DBA00F7A15E /* Exceptions for "SecureCamera" folder in "Right To Record" target */,
			);
			path = SecureCamera;
			sourceTree = "<group>";
		};
		748497782E13BFBE00F7A15E /* SecureCameraTests */ = {
			isa = PBXFileSystemSynchronizedRootGroup;
			path = SecureCameraTests;
			sourceTree = "<group>";
		};
		748497822E13BFBE00F7A15E /* SecureCameraUITests */ = {
			isa = PBXFileSystemSynchronizedRootGroup;
			path = SecureCameraUITests;
			sourceTree = "<group>";
		};
/* End PBXFileSystemSynchronizedRootGroup section */

/* Begin PBXFrameworksBuildPhase section */
		748497652E13BFBE00F7A15E /* Frameworks */ = {
			isa = PBXFrameworksBuildPhase;
			buildActionMask = 2147483647;
			files = (
			);
			runOnlyForDeploymentPostprocessing = 0;
		};
		748497722E13BFBE00F7A15E /* Frameworks */ = {
			isa = PBXFrameworksBuildPhase;
			buildActionMask = 2147483647;
			files = (
			);
			runOnlyForDeploymentPostprocessing = 0;
		};
		7484977C2E13BFBE00F7A15E /* Frameworks */ = {
			isa = PBXFrameworksBuildPhase;
			buildActionMask = 2147483647;
			files = (
			);
			runOnlyForDeploymentPostprocessing = 0;
		};
/* End PBXFrameworksBuildPhase section */

/* Begin PBXGroup section */
		7484975F2E13BFBE00F7A15E = {
			isa = PBXGroup;
			children = (
				7484976A2E13BFBE00F7A15E /* SecureCamera */,
				748497782E13BFBE00F7A15E /* SecureCameraTests */,
				748497822E13BFBE00F7A15E /* SecureCameraUITests */,
				748497692E13BFBE00F7A15E /* Products */,
			);
			sourceTree = "<group>";
		};
		748497692E13BFBE00F7A15E /* Products */ = {
			isa = PBXGroup;
			children = (
				748497682E13BFBE00F7A15E /* Right To Record.app */,
				748497752E13BFBE00F7A15E /* SecureCameraTests.xctest */,
				7484977F2E13BFBE00F7A15E /* SecureCameraUITests.xctest */,
			);
			name = Products;
			sourceTree = "<group>";
		};
/* End PBXGroup section */

/* Begin PBXNativeTarget section */
		748497672E13BFBE00F7A15E /* Right To Record */ = {
			isa = PBXNativeTarget;
			buildConfigurationList = 748497892E13BFBE00F7A15E /* Build configuration list for PBXNativeTarget "Right To Record" */;
			buildPhases = (
				748497642E13BFBE00F7A15E /* Sources */,
				748497652E13BFBE00F7A15E /* Frameworks */,
				748497662E13BFBE00F7A15E /* Resources */,
			);
			buildRules = (
			);
			dependencies = (
			);
			fileSystemSynchronizedGroups = (
				7484976A2E13BFBE00F7A15E /* SecureCamera */,
			);
			name = "Right To Record";
			packageProductDependencies = (
			);
			productName = SecureCamera;
			productReference = 748497682E13BFBE00F7A15E /* Right To Record.app */;
			productType = "com.apple.product-type.application";
		};
		748497742E13BFBE00F7A15E /* SecureCameraTests */ = {
			isa = PBXNativeTarget;
			buildConfigurationList = 7484978C2E13BFBE00F7A15E /* Build configuration list for PBXNativeTarget "SecureCameraTests" */;
			buildPhases = (
				748497712E13BFBE00F7A15E /* Sources */,
				748497722E13BFBE00F7A15E /* Frameworks */,
				748497732E13BFBE00F7A15E /* Resources */,
			);
			buildRules = (
			);
			dependencies = (
				748497772E13BFBE00F7A15E /* PBXTargetDependency */,
			);
			fileSystemSynchronizedGroups = (
				748497782E13BFBE00F7A15E /* SecureCameraTests */,
			);
			name = SecureCameraTests;
			packageProductDependencies = (
			);
			productName = SecureCameraTests;
			productReference = 748497752E13BFBE00F7A15E /* SecureCameraTests.xctest */;
			productType = "com.apple.product-type.bundle.unit-test";
		};
		7484977E2E13BFBE00F7A15E /* SecureCameraUITests */ = {
			isa = PBXNativeTarget;
			buildConfigurationList = 7484978F2E13BFBE00F7A15E /* Build configuration list for PBXNativeTarget "SecureCameraUITests" */;
			buildPhases = (
				7484977B2E13BFBE00F7A15E /* Sources */,
				7484977C2E13BFBE00F7A15E /* Frameworks */,
				7484977D2E13BFBE00F7A15E /* Resources */,
			);
			buildRules = (
			);
			dependencies = (
				748497812E13BFBE00F7A15E /* PBXTargetDependency */,
			);
			fileSystemSynchronizedGroups = (
				748497822E13BFBE00F7A15E /* SecureCameraUITests */,
			);
			name = SecureCameraUITests;
			packageProductDependencies = (
			);
			productName = SecureCameraUITests;
			productReference = 7484977F2E13BFBE00F7A15E /* SecureCameraUITests.xctest */;
			productType = "com.apple.product-type.bundle.ui-testing";
		};
/* End PBXNativeTarget section */

/* Begin PBXProject section */
		748497602E13BFBE00F7A15E /* Project object */ = {
			isa = PBXProject;
			attributes = {
				BuildIndependentTargetsInParallel = 1;
				LastSwiftUpdateCheck = 1640;
				LastUpgradeCheck = 1640;
				TargetAttributes = {
					748497672E13BFBE00F7A15E = {
						CreatedOnToolsVersion = 16.4;
					};
					748497742E13BFBE00F7A15E = {
						CreatedOnToolsVersion = 16.4;
						TestTargetID = 748497672E13BFBE00F7A15E;
					};
					7484977E2E13BFBE00F7A15E = {
						CreatedOnToolsVersion = 16.4;
						TestTargetID = 748497672E13BFBE00F7A15E;
					};
				};
			};
			buildConfigurationList = 748497632E13BFBE00F7A15E /* Build configuration list for PBXProject "SecureCamera" */;
			developmentRegion = en;
			hasScannedForEncodings = 0;
			knownRegions = (
				en,
				Base,
			);
			mainGroup = 7484975F2E13BFBE00F7A15E;
			minimizedProjectReferenceProxies = 1;
			preferredProjectObjectVersion = 77;
			productRefGroup = 748497692E13BFBE00F7A15E /* Products */;
			projectDirPath = "";
			projectRoot = "";
			targets = (
				748497672E13BFBE00F7A15E /* Right To Record */,
				748497742E13BFBE00F7A15E /* SecureCameraTests */,
				7484977E2E13BFBE00F7A15E /* SecureCameraUITests */,
			);
		};
/* End PBXProject section */

/* Begin PBXResourcesBuildPhase section */
		748497662E13BFBE00F7A15E /* Resources */ = {
			isa = PBXResourcesBuildPhase;
			buildActionMask = 2147483647;
			files = (
			);
			runOnlyForDeploymentPostprocessing = 0;
		};
		748497732E13BFBE00F7A15E /* Resources */ = {
			isa = PBXResourcesBuildPhase;
			buildActionMask = 2147483647;
			files = (
			);
			runOnlyForDeploymentPostprocessing = 0;
		};
		7484977D2E13BFBE00F7A15E /* Resources */ = {
			isa = PBXResourcesBuildPhase;
			buildActionMask = 2147483647;
			files = (
			);
			runOnlyForDeploymentPostprocessing = 0;
		};
/* End PBXResourcesBuildPhase section */

/* Begin PBXSourcesBuildPhase section */
		748497642E13BFBE00F7A15E /* Sources */ = {
			isa = PBXSourcesBuildPhase;
			buildActionMask = 2147483647;
			files = (
			);
			runOnlyForDeploymentPostprocessing = 0;
		};
		748497712E13BFBE00F7A15E /* Sources */ = {
			isa = PBXSourcesBuildPhase;
			buildActionMask = 2147483647;
			files = (
			);
			runOnlyForDeploymentPostprocessing = 0;
		};
		7484977B2E13BFBE00F7A15E /* Sources */ = {
			isa = PBXSourcesBuildPhase;
			buildActionMask = 2147483647;
			files = (
			);
			runOnlyForDeploymentPostprocessing = 0;
		};
/* End PBXSourcesBuildPhase section */

/* Begin PBXTargetDependency section */
		748497772E13BFBE00F7A15E /* PBXTargetDependency */ = {
			isa = PBXTargetDependency;
			target = 748497672E13BFBE00F7A15E /* Right To Record */;
			targetProxy = 748497762E13BFBE00F7A15E /* PBXContainerItemProxy */;
		};
		748497812E13BFBE00F7A15E /* PBXTargetDependency */ = {
			isa = PBXTargetDependency;
			target = 748497672E13BFBE00F7A15E /* Right To Record */;
			targetProxy = 748497802E13BFBE00F7A15E /* PBXContainerItemProxy */;
		};
/* End PBXTargetDependency section */

/* Begin XCBuildConfiguration section */
		748497872E13BFBE00F7A15E /* Debug */ = {
			isa = XCBuildConfiguration;
			buildSettings = {
				ALWAYS_SEARCH_USER_PATHS = NO;
				ASSETCATALOG_COMPILER_GENERATE_SWIFT_ASSET_SYMBOL_EXTENSIONS = YES;
				CLANG_ANALYZER_NONNULL = YES;
				CLANG_ANALYZER_NUMBER_OBJECT_CONVERSION = YES_AGGRESSIVE;
				CLANG_CXX_LANGUAGE_STANDARD = "gnu++20";
				CLANG_ENABLE_MODULES = YES;
				CLANG_ENABLE_OBJC_ARC = YES;
				CLANG_ENABLE_OBJC_WEAK = YES;
				CLANG_WARN_BLOCK_CAPTURE_AUTORELEASING = YES;
				CLANG_WARN_BOOL_CONVERSION = YES;
				CLANG_WARN_COMMA = YES;
				CLANG_WARN_CONSTANT_CONVERSION = YES;
				CLANG_WARN_DEPRECATED_OBJC_IMPLEMENTATIONS = YES;
				CLANG_WARN_DIRECT_OBJC_ISA_USAGE = YES_ERROR;
				CLANG_WARN_DOCUMENTATION_COMMENTS = YES;
				CLANG_WARN_EMPTY_BODY = YES;
				CLANG_WARN_ENUM_CONVERSION = YES;
				CLANG_WARN_INFINITE_RECURSION = YES;
				CLANG_WARN_INT_CONVERSION = YES;
				CLANG_WARN_NON_LITERAL_NULL_CONVERSION = YES;
				CLANG_WARN_OBJC_IMPLICIT_RETAIN_SELF = YES;
				CLANG_WARN_OBJC_LITERAL_CONVERSION = YES;
				CLANG_WARN_OBJC_ROOT_CLASS = YES_ERROR;
				CLANG_WARN_QUOTED_INCLUDE_IN_FRAMEWORK_HEADER = YES;
				CLANG_WARN_RANGE_LOOP_ANALYSIS = YES;
				CLANG_WARN_STRICT_PROTOTYPES = YES;
				CLANG_WARN_SUSPICIOUS_MOVE = YES;
				CLANG_WARN_UNGUARDED_AVAILABILITY = YES_AGGRESSIVE;
				CLANG_WARN_UNREACHABLE_CODE = YES;
				CLANG_WARN__DUPLICATE_METHOD_MATCH = YES;
				COPY_PHASE_STRIP = NO;
				DEBUG_INFORMATION_FORMAT = dwarf;
				ENABLE_STRICT_OBJC_MSGSEND = YES;
				ENABLE_TESTABILITY = YES;
				ENABLE_USER_SCRIPT_SANDBOXING = YES;
				GCC_C_LANGUAGE_STANDARD = gnu17;
				GCC_DYNAMIC_NO_PIC = NO;
				GCC_NO_COMMON_BLOCKS = YES;
				GCC_OPTIMIZATION_LEVEL = 0;
				GCC_PREPROCESSOR_DEFINITIONS = (
					"DEBUG=1",
					"$(inherited)",
				);
				GCC_WARN_64_TO_32_BIT_CONVERSION = YES;
				GCC_WARN_ABOUT_RETURN_TYPE = YES_ERROR;
				GCC_WARN_UNDECLARED_SELECTOR = YES;
				GCC_WARN_UNINITIALIZED_AUTOS = YES_AGGRESSIVE;
				GCC_WARN_UNUSED_FUNCTION = YES;
				GCC_WARN_UNUSED_VARIABLE = YES;
				IPHONEOS_DEPLOYMENT_TARGET = 18.5;
				LOCALIZATION_PREFERS_STRING_CATALOGS = YES;
				MTL_ENABLE_DEBUG_INFO = INCLUDE_SOURCE;
				MTL_FAST_MATH = YES;
				ONLY_ACTIVE_ARCH = YES;
				SDKROOT = iphoneos;
				SWIFT_ACTIVE_COMPILATION_CONDITIONS = "DEBUG $(inherited)";
				SWIFT_OPTIMIZATION_LEVEL = "-Onone";
			};
			name = Debug;
		};
		748497882E13BFBE00F7A15E /* Release */ = {
			isa = XCBuildConfiguration;
			buildSettings = {
				ALWAYS_SEARCH_USER_PATHS = NO;
				ASSETCATALOG_COMPILER_GENERATE_SWIFT_ASSET_SYMBOL_EXTENSIONS = YES;
				CLANG_ANALYZER_NONNULL = YES;
				CLANG_ANALYZER_NUMBER_OBJECT_CONVERSION = YES_AGGRESSIVE;
				CLANG_CXX_LANGUAGE_STANDARD = "gnu++20";
				CLANG_ENABLE_MODULES = YES;
				CLANG_ENABLE_OBJC_ARC = YES;
				CLANG_ENABLE_OBJC_WEAK = YES;
				CLANG_WARN_BLOCK_CAPTURE_AUTORELEASING = YES;
				CLANG_WARN_BOOL_CONVERSION = YES;
				CLANG_WARN_COMMA = YES;
				CLANG_WARN_CONSTANT_CONVERSION = YES;
				CLANG_WARN_DEPRECATED_OBJC_IMPLEMENTATIONS = YES;
				CLANG_WARN_DIRECT_OBJC_ISA_USAGE = YES_ERROR;
				CLANG_WARN_DOCUMENTATION_COMMENTS = YES;
				CLANG_WARN_EMPTY_BODY = YES;
				CLANG_WARN_ENUM_CONVERSION = YES;
				CLANG_WARN_INFINITE_RECURSION = YES;
				CLANG_WARN_INT_CONVERSION = YES;
				CLANG_WARN_NON_LITERAL_NULL_CONVERSION = YES;
				CLANG_WARN_OBJC_IMPLICIT_RETAIN_SELF = YES;
				CLANG_WARN_OBJC_LITERAL_CONVERSION = YES;
				CLANG_WARN_OBJC_ROOT_CLASS = YES_ERROR;
				CLANG_WARN_QUOTED_INCLUDE_IN_FRAMEWORK_HEADER = YES;
				CLANG_WARN_RANGE_LOOP_ANALYSIS = YES;
				CLANG_WARN_STRICT_PROTOTYPES = YES;
				CLANG_WARN_SUSPICIOUS_MOVE = YES;
				CLANG_WARN_UNGUARDED_AVAILABILITY = YES_AGGRESSIVE;
				CLANG_WARN_UNREACHABLE_CODE = YES;
				CLANG_WARN__DUPLICATE_METHOD_MATCH = YES;
				COPY_PHASE_STRIP = NO;
				DEBUG_INFORMATION_FORMAT = "dwarf-with-dsym";
				ENABLE_NS_ASSERTIONS = NO;
				ENABLE_STRICT_OBJC_MSGSEND = YES;
				ENABLE_USER_SCRIPT_SANDBOXING = YES;
				GCC_C_LANGUAGE_STANDARD = gnu17;
				GCC_NO_COMMON_BLOCKS = YES;
				GCC_WARN_64_TO_32_BIT_CONVERSION = YES;
				GCC_WARN_ABOUT_RETURN_TYPE = YES_ERROR;
				GCC_WARN_UNDECLARED_SELECTOR = YES;
				GCC_WARN_UNINITIALIZED_AUTOS = YES_AGGRESSIVE;
				GCC_WARN_UNUSED_FUNCTION = YES;
				GCC_WARN_UNUSED_VARIABLE = YES;
				IPHONEOS_DEPLOYMENT_TARGET = 18.5;
				LOCALIZATION_PREFERS_STRING_CATALOGS = YES;
				MTL_ENABLE_DEBUG_INFO = NO;
				MTL_FAST_MATH = YES;
				SDKROOT = iphoneos;
				SWIFT_COMPILATION_MODE = wholemodule;
				VALIDATE_PRODUCT = YES;
			};
			name = Release;
		};
		7484978A2E13BFBE00F7A15E /* Debug */ = {
			isa = XCBuildConfiguration;
			buildSettings = {
				ASSETCATALOG_COMPILER_APPICON_NAME = AppIcon;
				ASSETCATALOG_COMPILER_GLOBAL_ACCENT_COLOR_NAME = AccentColor;
				CODE_SIGN_STYLE = Automatic;
				CURRENT_PROJECT_VERSION = 1;
				DEVELOPMENT_TEAM = Q345Y5KD53;
				ENABLE_PREVIEWS = YES;
				GENERATE_INFOPLIST_FILE = YES;
				INFOPLIST_FILE = SecureCamera/Info.plist;
				INFOPLIST_KEY_NSCameraUsageDescription = "This app needs camera access to record security footage";
				INFOPLIST_KEY_NSMicrophoneUsageDescription = "This app needs microphone access to record audio with security footage";
				INFOPLIST_KEY_NSPhotoLibraryAddUsageDescription = "This app needs access to save your constitutional rights recordings to your photo library.";
				INFOPLIST_KEY_UIApplicationSceneManifest_Generation = YES;
				INFOPLIST_KEY_UIApplicationSupportsIndirectInputEvents = YES;
				INFOPLIST_KEY_UILaunchScreen_Generation = YES;
				INFOPLIST_KEY_UIStatusBarStyle = "";
				INFOPLIST_KEY_UISupportedInterfaceOrientations_iPad = "UIInterfaceOrientationPortrait UIInterfaceOrientationPortraitUpsideDown UIInterfaceOrientationLandscapeLeft UIInterfaceOrientationLandscapeRight";
				INFOPLIST_KEY_UISupportedInterfaceOrientations_iPhone = "UIInterfaceOrientationPortrait UIInterfaceOrientationLandscapeLeft UIInterfaceOrientationLandscapeRight";
				IPHONEOS_DEPLOYMENT_TARGET = 17.6;
				LD_RUNPATH_SEARCH_PATHS = (
					"$(inherited)",
					"@executable_path/Frameworks",
				);
				MARKETING_VERSION = 1.0;
				PRODUCT_BUNDLE_IDENTIFIER = com.JatinArora.SecureCamera;
				PRODUCT_NAME = "$(TARGET_NAME)";
				SUPPORTED_PLATFORMS = "iphoneos iphonesimulator";
				SUPPORTS_MACCATALYST = NO;
				SUPPORTS_MAC_DESIGNED_FOR_IPHONE_IPAD = NO;
				SUPPORTS_XR_DESIGNED_FOR_IPHONE_IPAD = NO;
				SWIFT_EMIT_LOC_STRINGS = YES;
				SWIFT_VERSION = 5.0;
				TARGETED_DEVICE_FAMILY = 1;
			};
			name = Debug;
		};
		7484978B2E13BFBE00F7A15E /* Release */ = {
			isa = XCBuildConfiguration;
			buildSettings = {
				ASSETCATALOG_COMPILER_APPICON_NAME = AppIcon;
				ASSETCATALOG_COMPILER_GLOBAL_ACCENT_COLOR_NAME = AccentColor;
				CODE_SIGN_STYLE = Automatic;
				CURRENT_PROJECT_VERSION = 1;
				DEVELOPMENT_TEAM = Q345Y5KD53;
				ENABLE_PREVIEWS = YES;
				GENERATE_INFOPLIST_FILE = YES;
				INFOPLIST_FILE = SecureCamera/Info.plist;
				INFOPLIST_KEY_NSCameraUsageDescription = "This app needs camera access to record security footage";
				INFOPLIST_KEY_NSMicrophoneUsageDescription = "This app needs microphone access to record audio with security footage";
				INFOPLIST_KEY_NSPhotoLibraryAddUsageDescription = "This app needs access to save your constitutional rights recordings to your photo library.";
				INFOPLIST_KEY_UIApplicationSceneManifest_Generation = YES;
				INFOPLIST_KEY_UIApplicationSupportsIndirectInputEvents = YES;
				INFOPLIST_KEY_UILaunchScreen_Generation = YES;
				INFOPLIST_KEY_UIStatusBarStyle = "";
				INFOPLIST_KEY_UISupportedInterfaceOrientations_iPad = "UIInterfaceOrientationPortrait UIInterfaceOrientationPortraitUpsideDown UIInterfaceOrientationLandscapeLeft UIInterfaceOrientationLandscapeRight";
				INFOPLIST_KEY_UISupportedInterfaceOrientations_iPhone = "UIInterfaceOrientationPortrait UIInterfaceOrientationLandscapeLeft UIInterfaceOrientationLandscapeRight";
				IPHONEOS_DEPLOYMENT_TARGET = 17.6;
				LD_RUNPATH_SEARCH_PATHS = (
					"$(inherited)",
					"@executable_path/Frameworks",
				);
				MARKETING_VERSION = 1.0;
				PRODUCT_BUNDLE_IDENTIFIER = com.JatinArora.SecureCamera;
				PRODUCT_NAME = "$(TARGET_NAME)";
				SUPPORTED_PLATFORMS = "iphoneos iphonesimulator";
				SUPPORTS_MACCATALYST = NO;
				SUPPORTS_MAC_DESIGNED_FOR_IPHONE_IPAD = NO;
				SUPPORTS_XR_DESIGNED_FOR_IPHONE_IPAD = NO;
				SWIFT_EMIT_LOC_STRINGS = YES;
				SWIFT_VERSION = 5.0;
				TARGETED_DEVICE_FAMILY = 1;
			};
			name = Release;
		};
		7484978D2E13BFBE00F7A15E /* Debug */ = {
			isa = XCBuildConfiguration;
			buildSettings = {
				BUNDLE_LOADER = "$(TEST_HOST)";
				CODE_SIGN_STYLE = Automatic;
				CURRENT_PROJECT_VERSION = 1;
				GENERATE_INFOPLIST_FILE = YES;
				IPHONEOS_DEPLOYMENT_TARGET = 18.5;
				MARKETING_VERSION = 1.0;
				PRODUCT_BUNDLE_IDENTIFIER = com.chenxu.SecureCameraTests;
				PRODUCT_NAME = "$(TARGET_NAME)";
				SWIFT_EMIT_LOC_STRINGS = NO;
				SWIFT_VERSION = 5.0;
				TARGETED_DEVICE_FAMILY = "1,2";
				TEST_HOST = "$(BUILT_PRODUCTS_DIR)/SecureCamera.app/$(BUNDLE_EXECUTABLE_FOLDER_PATH)/SecureCamera";
			};
			name = Debug;
		};
		7484978E2E13BFBE00F7A15E /* Release */ = {
			isa = XCBuildConfiguration;
			buildSettings = {
				BUNDLE_LOADER = "$(TEST_HOST)";
				CODE_SIGN_STYLE = Automatic;
				CURRENT_PROJECT_VERSION = 1;
				GENERATE_INFOPLIST_FILE = YES;
				IPHONEOS_DEPLOYMENT_TARGET = 18.5;
				MARKETING_VERSION = 1.0;
				PRODUCT_BUNDLE_IDENTIFIER = com.chenxu.SecureCameraTests;
				PRODUCT_NAME = "$(TARGET_NAME)";
				SWIFT_EMIT_LOC_STRINGS = NO;
				SWIFT_VERSION = 5.0;
				TARGETED_DEVICE_FAMILY = "1,2";
				TEST_HOST = "$(BUILT_PRODUCTS_DIR)/SecureCamera.app/$(BUNDLE_EXECUTABLE_FOLDER_PATH)/SecureCamera";
			};
			name = Release;
		};
		748497902E13BFBE00F7A15E /* Debug */ = {
			isa = XCBuildConfiguration;
			buildSettings = {
				CODE_SIGN_STYLE = Automatic;
				CURRENT_PROJECT_VERSION = 1;
				GENERATE_INFOPLIST_FILE = YES;
				MARKETING_VERSION = 1.0;
				PRODUCT_BUNDLE_IDENTIFIER = com.chenxu.SecureCameraUITests;
				PRODUCT_NAME = "$(TARGET_NAME)";
				SWIFT_EMIT_LOC_STRINGS = NO;
				SWIFT_VERSION = 5.0;
				TARGETED_DEVICE_FAMILY = "1,2";
				TEST_TARGET_NAME = SecureCamera;
			};
			name = Debug;
		};
		748497912E13BFBE00F7A15E /* Release */ = {
			isa = XCBuildConfiguration;
			buildSettings = {
				CODE_SIGN_STYLE = Automatic;
				CURRENT_PROJECT_VERSION = 1;
				GENERATE_INFOPLIST_FILE = YES;
				MARKETING_VERSION = 1.0;
				PRODUCT_BUNDLE_IDENTIFIER = com.chenxu.SecureCameraUITests;
				PRODUCT_NAME = "$(TARGET_NAME)";
				SWIFT_EMIT_LOC_STRINGS = NO;
				SWIFT_VERSION = 5.0;
				TARGETED_DEVICE_FAMILY = "1,2";
				TEST_TARGET_NAME = SecureCamera;
			};
			name = Release;
		};
/* End XCBuildConfiguration section */

/* Begin XCConfigurationList section */
		748497632E13BFBE00F7A15E /* Build configuration list for PBXProject "SecureCamera" */ = {
			isa = XCConfigurationList;
			buildConfigurations = (
				748497872E13BFBE00F7A15E /* Debug */,
				748497882E13BFBE00F7A15E /* Release */,
			);
			defaultConfigurationIsVisible = 0;
			defaultConfigurationName = Release;
		};
		748497892E13BFBE00F7A15E /* Build configuration list for PBXNativeTarget "Right To Record" */ = {
			isa = XCConfigurationList;
			buildConfigurations = (
				7484978A2E13BFBE00F7A15E /* Debug */,
				7484978B2E13BFBE00F7A15E /* Release */,
			);
			defaultConfigurationIsVisible = 0;
			defaultConfigurationName = Release;
		};
		7484978C2E13BFBE00F7A15E /* Build configuration list for PBXNativeTarget "SecureCameraTests" */ = {
			isa = XCConfigurationList;
			buildConfigurations = (
				7484978D2E13BFBE00F7A15E /* Debug */,
				7484978E2E13BFBE00F7A15E /* Release */,
			);
			defaultConfigurationIsVisible = 0;
			defaultConfigurationName = Release;
		};
		7484978F2E13BFBE00F7A15E /* Build configuration list for PBXNativeTarget "SecureCameraUITests" */ = {
			isa = XCConfigurationList;
			buildConfigurations = (
				748497902E13BFBE00F7A15E /* Debug */,
				748497912E13BFBE00F7A15E /* Release */,
			);
			defaultConfigurationIsVisible = 0;
			defaultConfigurationName = Release;
		};
/* End XCConfigurationList section */
	};
	rootObject = 748497602E13BFBE00F7A15E /* Project object */;
}
